
Microsoft Visual Studio Solution File, Format Version 12.00
# Visual Studio Version 17
VisualStudioVersion = 17.4.33205.214
MinimumVisualStudioVersion = 10.0.40219.1
Project("{888888A0-9F3D-457C-B088-3A5042F75D52}") = "Grafikatöö", "Grafikatöö.pyproj", "{42DE8C8E-BED7-4556-A18B-56C314616CA7}"
EndProject
Global
	GlobalSection(SolutionConfigurationPlatforms) = preSolution
		Debug|Any CPU = Debug|Any CPU
		Release|Any CPU = Release|Any CPU
	EndGlobalSection
	GlobalSection(ProjectConfigurationPlatforms) = postSolution
		{42DE8C8E-BED7-4556-A18B-56C314616CA7}.Debug|Any CPU.ActiveCfg = Debug|Any CPU
		{42DE8C8E-BED7-4556-A18B-56C314616CA7}.Release|Any CPU.ActiveCfg = Release|Any CPU
	EndGlobalSection
	GlobalSection(SolutionProperties) = preSolution
		HideSolutionNode = FALSE
	EndGlobalSection
	GlobalSection(ExtensibilityGlobals) = postSolution
		SolutionGuid = {FB2CAC28-4883-4F37-BCD2-F35F77781EC2}
	EndGlobalSection
EndGlobal
